// !$*UTF8*$!
{
	archiveVersion = 1;
	classes = {
	};
	objectVersion = 55;
	objects = {

/* Begin PBXBuildFile section */
		BA8797F32923CF5F0031A400 /* WheelView.swift in Sources */ = {isa = PBXBuildFile; fileRef = BA8797F22923CF5F0031A400 /* WheelView.swift */; };
		BAD0583A292A6D6400E9CA93 /* Array+Extension.swift in Sources */ = {isa = PBXBuildFile; fileRef = BAD05839292A6D6400E9CA93 /* Array+Extension.swift */; };
		BAD0583D292A73C100E9CA93 /* Item.swift in Sources */ = {isa = PBXBuildFile; fileRef = BAD0583C292A73C100E9CA93 /* Item.swift */; };
		BAD0583F292A747D00E9CA93 /* Double+Extension.swift in Sources */ = {isa = PBXBuildFile; fileRef = BAD0583E292A747D00E9CA93 /* Double+Extension.swift */; };
		BAD05843292A8E4A00E9CA93 /* SlideOutCart.swift in Sources */ = {isa = PBXBuildFile; fileRef = BAD05842292A8E4A00E9CA93 /* SlideOutCart.swift */; };
		BAD05845292AD69200E9CA93 /* ImageCircleButton.swift in Sources */ = {isa = PBXBuildFile; fileRef = BAD05844292AD69200E9CA93 /* ImageCircleButton.swift */; };
		BAD05847292AE14500E9CA93 /* Tappable.swift in Sources */ = {isa = PBXBuildFile; fileRef = BAD05846292AE14500E9CA93 /* Tappable.swift */; };
		BAD05849292D035600E9CA93 /* ScrollGradient.swift in Sources */ = {isa = PBXBuildFile; fileRef = BAD05848292D035600E9CA93 /* ScrollGradient.swift */; };
		BAE5328B2913ECD900C8DEA6 /* Tests_iOS.swift in Sources */ = {isa = PBXBuildFile; fileRef = BAE5328A2913ECD900C8DEA6 /* Tests_iOS.swift */; };
		BAE5328D2913ECD900C8DEA6 /* Tests_iOSLaunchTests.swift in Sources */ = {isa = PBXBuildFile; fileRef = BAE5328C2913ECD900C8DEA6 /* Tests_iOSLaunchTests.swift */; };
		BAE5329A2913ECD900C8DEA6 /* SaladFoodOrderingAppApp.swift in Sources */ = {isa = PBXBuildFile; fileRef = BAE532722913ECD600C8DEA6 /* SaladFoodOrderingAppApp.swift */; };
		BAE5329B2913ECD900C8DEA6 /* SaladFoodOrderingAppApp.swift in Sources */ = {isa = PBXBuildFile; fileRef = BAE532722913ECD600C8DEA6 /* SaladFoodOrderingAppApp.swift */; };
		BAE5329C2913ECD900C8DEA6 /* ItemView.swift in Sources */ = {isa = PBXBuildFile; fileRef = BAE532732913ECD600C8DEA6 /* ItemView.swift */; };
		BAE5329D2913ECD900C8DEA6 /* ItemView.swift in Sources */ = {isa = PBXBuildFile; fileRef = BAE532732913ECD600C8DEA6 /* ItemView.swift */; };
		BAE5329E2913ECD900C8DEA6 /* Assets.xcassets in Resources */ = {isa = PBXBuildFile; fileRef = BAE532742913ECD900C8DEA6 /* Assets.xcassets */; };
		BAE5329F2913ECD900C8DEA6 /* Assets.xcassets in Resources */ = {isa = PBXBuildFile; fileRef = BAE532742913ECD900C8DEA6 /* Assets.xcassets */; };
		BAE532B02913F03E00C8DEA6 /* Color.xcassets in Resources */ = {isa = PBXBuildFile; fileRef = BAE532AF2913F03E00C8DEA6 /* Color.xcassets */; };
		BAE532B12913F03E00C8DEA6 /* Color.xcassets in Resources */ = {isa = PBXBuildFile; fileRef = BAE532AF2913F03E00C8DEA6 /* Color.xcassets */; };
		BAE532B32913F1A100C8DEA6 /* Color+Extension.swift in Sources */ = {isa = PBXBuildFile; fileRef = BAE532B22913F1A100C8DEA6 /* Color+Extension.swift */; };
		BAE532B62917F63700C8DEA6 /* PaddingManager.swift in Sources */ = {isa = PBXBuildFile; fileRef = BAE532B52917F63700C8DEA6 /* PaddingManager.swift */; };
		BAE532B82917F95900C8DEA6 /* ShapeManager.swift in Sources */ = {isa = PBXBuildFile; fileRef = BAE532B72917F95900C8DEA6 /* ShapeManager.swift */; };
		BAE532BB2917FB2F00C8DEA6 /* Rating.swift in Sources */ = {isa = PBXBuildFile; fileRef = BAE532BA2917FB2F00C8DEA6 /* Rating.swift */; };
		BAE532C1291D2B7500C8DEA6 /* RoundArrowButton.swift in Sources */ = {isa = PBXBuildFile; fileRef = BAE532C0291D2B7500C8DEA6 /* RoundArrowButton.swift */; };
		BAE532C3291D2C0100C8DEA6 /* AddToCartButton.swift in Sources */ = {isa = PBXBuildFile; fileRef = BAE532C2291D2C0100C8DEA6 /* AddToCartButton.swift */; };
		BAE532C5291D2C3000C8DEA6 /* QuantityButton.swift in Sources */ = {isa = PBXBuildFile; fileRef = BAE532C4291D2C3000C8DEA6 /* QuantityButton.swift */; };
		BAE532CB291D34E800C8DEA6 /* PreviewMe.swift in Sources */ = {isa = PBXBuildFile; fileRef = BAE532CA291D34E800C8DEA6 /* PreviewMe.swift */; };
		BAE532CD291D350B00C8DEA6 /* DeviceName.swift in Sources */ = {isa = PBXBuildFile; fileRef = BAE532CC291D350B00C8DEA6 /* DeviceName.swift */; };
		BAE532D0291D370900C8DEA6 /* ItemViewModel.swift in Sources */ = {isa = PBXBuildFile; fileRef = BAE532CF291D370900C8DEA6 /* ItemViewModel.swift */; };
/* End PBXBuildFile section */

/* Begin PBXContainerItemProxy section */
		BAE532872913ECD900C8DEA6 /* PBXContainerItemProxy */ = {
			isa = PBXContainerItemProxy;
			containerPortal = BAE5326D2913ECD500C8DEA6 /* Project object */;
			proxyType = 1;
			remoteGlobalIDString = BAE532782913ECD900C8DEA6;
			remoteInfo = "SaladFoodOrderingApp (iOS)";
		};
		BAE532932913ECD900C8DEA6 /* PBXContainerItemProxy */ = {
			isa = PBXContainerItemProxy;
			containerPortal = BAE5326D2913ECD500C8DEA6 /* Project object */;
			proxyType = 1;
			remoteGlobalIDString = BAE5327E2913ECD900C8DEA6;
			remoteInfo = "SaladFoodOrderingApp (macOS)";
		};
/* End PBXContainerItemProxy section */

/* Begin PBXFileReference section */
		BA8797F22923CF5F0031A400 /* WheelView.swift */ = {isa = PBXFileReference; lastKnownFileType = sourcecode.swift; path = WheelView.swift; sourceTree = "<group>"; };
		BAD05839292A6D6400E9CA93 /* Array+Extension.swift */ = {isa = PBXFileReference; lastKnownFileType = sourcecode.swift; path = "Array+Extension.swift"; sourceTree = "<group>"; };
		BAD0583C292A73C100E9CA93 /* Item.swift */ = {isa = PBXFileReference; lastKnownFileType = sourcecode.swift; path = Item.swift; sourceTree = "<group>"; };
		BAD0583E292A747D00E9CA93 /* Double+Extension.swift */ = {isa = PBXFileReference; lastKnownFileType = sourcecode.swift; path = "Double+Extension.swift"; sourceTree = "<group>"; };
		BAD05842292A8E4A00E9CA93 /* SlideOutCart.swift */ = {isa = PBXFileReference; lastKnownFileType = sourcecode.swift; path = SlideOutCart.swift; sourceTree = "<group>"; };
		BAD05844292AD69200E9CA93 /* ImageCircleButton.swift */ = {isa = PBXFileReference; lastKnownFileType = sourcecode.swift; path = ImageCircleButton.swift; sourceTree = "<group>"; };
		BAD05846292AE14500E9CA93 /* Tappable.swift */ = {isa = PBXFileReference; lastKnownFileType = sourcecode.swift; path = Tappable.swift; sourceTree = "<group>"; };
		BAD05848292D035600E9CA93 /* ScrollGradient.swift */ = {isa = PBXFileReference; lastKnownFileType = sourcecode.swift; path = ScrollGradient.swift; sourceTree = "<group>"; };
		BAE532722913ECD600C8DEA6 /* SaladFoodOrderingAppApp.swift */ = {isa = PBXFileReference; lastKnownFileType = sourcecode.swift; path = SaladFoodOrderingAppApp.swift; sourceTree = "<group>"; };
		BAE532732913ECD600C8DEA6 /* ItemView.swift */ = {isa = PBXFileReference; lastKnownFileType = sourcecode.swift; path = ItemView.swift; sourceTree = "<group>"; };
		BAE532742913ECD900C8DEA6 /* Assets.xcassets */ = {isa = PBXFileReference; lastKnownFileType = folder.assetcatalog; path = Assets.xcassets; sourceTree = "<group>"; };
		BAE532792913ECD900C8DEA6 /* SaladFoodOrderingApp.app */ = {isa = PBXFileReference; explicitFileType = wrapper.application; includeInIndex = 0; path = SaladFoodOrderingApp.app; sourceTree = BUILT_PRODUCTS_DIR; };
		BAE5327F2913ECD900C8DEA6 /* SaladFoodOrderingApp.app */ = {isa = PBXFileReference; explicitFileType = wrapper.application; includeInIndex = 0; path = SaladFoodOrderingApp.app; sourceTree = BUILT_PRODUCTS_DIR; };
		BAE532862913ECD900C8DEA6 /* Tests iOS.xctest */ = {isa = PBXFileReference; explicitFileType = wrapper.cfbundle; includeInIndex = 0; path = "Tests iOS.xctest"; sourceTree = BUILT_PRODUCTS_DIR; };
		BAE5328A2913ECD900C8DEA6 /* Tests_iOS.swift */ = {isa = PBXFileReference; lastKnownFileType = sourcecode.swift; path = Tests_iOS.swift; sourceTree = "<group>"; };
		BAE5328C2913ECD900C8DEA6 /* Tests_iOSLaunchTests.swift */ = {isa = PBXFileReference; lastKnownFileType = sourcecode.swift; path = Tests_iOSLaunchTests.swift; sourceTree = "<group>"; };
		BAE532922913ECD900C8DEA6 /* Tests macOS.xctest */ = {isa = PBXFileReference; explicitFileType = wrapper.cfbundle; includeInIndex = 0; path = "Tests macOS.xctest"; sourceTree = BUILT_PRODUCTS_DIR; };
		BAE532AF2913F03E00C8DEA6 /* Color.xcassets */ = {isa = PBXFileReference; lastKnownFileType = folder.assetcatalog; path = Color.xcassets; sourceTree = "<group>"; };
		BAE532B22913F1A100C8DEA6 /* Color+Extension.swift */ = {isa = PBXFileReference; lastKnownFileType = sourcecode.swift; path = "Color+Extension.swift"; sourceTree = "<group>"; };
		BAE532B52917F63700C8DEA6 /* PaddingManager.swift */ = {isa = PBXFileReference; lastKnownFileType = sourcecode.swift; path = PaddingManager.swift; sourceTree = "<group>"; };
		BAE532B72917F95900C8DEA6 /* ShapeManager.swift */ = {isa = PBXFileReference; lastKnownFileType = sourcecode.swift; path = ShapeManager.swift; sourceTree = "<group>"; };
		BAE532BA2917FB2F00C8DEA6 /* Rating.swift */ = {isa = PBXFileReference; lastKnownFileType = sourcecode.swift; path = Rating.swift; sourceTree = "<group>"; };
		BAE532C0291D2B7500C8DEA6 /* RoundArrowButton.swift */ = {isa = PBXFileReference; lastKnownFileType = sourcecode.swift; path = RoundArrowButton.swift; sourceTree = "<group>"; };
		BAE532C2291D2C0100C8DEA6 /* AddToCartButton.swift */ = {isa = PBXFileReference; lastKnownFileType = sourcecode.swift; path = AddToCartButton.swift; sourceTree = "<group>"; };
		BAE532C4291D2C3000C8DEA6 /* QuantityButton.swift */ = {isa = PBXFileReference; lastKnownFileType = sourcecode.swift; path = QuantityButton.swift; sourceTree = "<group>"; };
		BAE532CA291D34E800C8DEA6 /* PreviewMe.swift */ = {isa = PBXFileReference; lastKnownFileType = sourcecode.swift; path = PreviewMe.swift; sourceTree = "<group>"; };
		BAE532CC291D350B00C8DEA6 /* DeviceName.swift */ = {isa = PBXFileReference; lastKnownFileType = sourcecode.swift; path = DeviceName.swift; sourceTree = "<group>"; };
		BAE532CF291D370900C8DEA6 /* ItemViewModel.swift */ = {isa = PBXFileReference; lastKnownFileType = sourcecode.swift; path = ItemViewModel.swift; sourceTree = "<group>"; };
/* End PBXFileReference section */

/* Begin PBXFrameworksBuildPhase section */
		BAE532762913ECD900C8DEA6 /* Frameworks */ = {
			isa = PBXFrameworksBuildPhase;
			buildActionMask = 2147483647;
			files = (
			);
			runOnlyForDeploymentPostprocessing = 0;
		};
		BAE5327C2913ECD900C8DEA6 /* Frameworks */ = {
			isa = PBXFrameworksBuildPhase;
			buildActionMask = 2147483647;
			files = (
			);
			runOnlyForDeploymentPostprocessing = 0;
		};
		BAE532832913ECD900C8DEA6 /* Frameworks */ = {
			isa = PBXFrameworksBuildPhase;
			buildActionMask = 2147483647;
			files = (
			);
			runOnlyForDeploymentPostprocessing = 0;
		};
		BAE5328F2913ECD900C8DEA6 /* Frameworks */ = {
			isa = PBXFrameworksBuildPhase;
			buildActionMask = 2147483647;
			files = (
			);
			runOnlyForDeploymentPostprocessing = 0;
		};
/* End PBXFrameworksBuildPhase section */

/* Begin PBXGroup section */
		BAD05838292A6D4800E9CA93 /* Extension */ = {
			isa = PBXGroup;
			children = (
				BAD05839292A6D6400E9CA93 /* Array+Extension.swift */,
				BAD0583E292A747D00E9CA93 /* Double+Extension.swift */,
			);
			path = Extension;
			sourceTree = "<group>";
		};
		BAD0583B292A73B600E9CA93 /* Model */ = {
			isa = PBXGroup;
			children = (
				BAD0583C292A73C100E9CA93 /* Item.swift */,
			);
			path = Model;
			sourceTree = "<group>";
		};
		BAE5326C2913ECD500C8DEA6 = {
			isa = PBXGroup;
			children = (
				BAE532712913ECD600C8DEA6 /* Shared */,
				BAE532892913ECD900C8DEA6 /* Tests iOS */,
				BAE5327A2913ECD900C8DEA6 /* Products */,
			);
			sourceTree = "<group>";
		};
		BAE532712913ECD600C8DEA6 /* Shared */ = {
			isa = PBXGroup;
			children = (
				BAD0583B292A73B600E9CA93 /* Model */,
				BAD05838292A6D4800E9CA93 /* Extension */,
				BAE532AE2913F02500C8DEA6 /* Resource */,
				BAE532C9291D34DF00C8DEA6 /* Util */,
				BAE532B92917FB2400C8DEA6 /* Component */,
				BAE532CE291D36ED00C8DEA6 /* ViewModel */,
				BAE532B42917F4E500C8DEA6 /* View */,
				BAE532722913ECD600C8DEA6 /* SaladFoodOrderingAppApp.swift */,
			);
			path = Shared;
			sourceTree = "<group>";
		};
		BAE5327A2913ECD900C8DEA6 /* Products */ = {
			isa = PBXGroup;
			children = (
				BAE532792913ECD900C8DEA6 /* SaladFoodOrderingApp.app */,
				BAE5327F2913ECD900C8DEA6 /* SaladFoodOrderingApp.app */,
				BAE532862913ECD900C8DEA6 /* Tests iOS.xctest */,
				BAE532922913ECD900C8DEA6 /* Tests macOS.xctest */,
			);
			name = Products;
			sourceTree = "<group>";
		};
		BAE532892913ECD900C8DEA6 /* Tests iOS */ = {
			isa = PBXGroup;
			children = (
				BAE5328A2913ECD900C8DEA6 /* Tests_iOS.swift */,
				BAE5328C2913ECD900C8DEA6 /* Tests_iOSLaunchTests.swift */,
			);
			path = "Tests iOS";
			sourceTree = "<group>";
		};
		BAE532AE2913F02500C8DEA6 /* Resource */ = {
			isa = PBXGroup;
			children = (
				BAE532742913ECD900C8DEA6 /* Assets.xcassets */,
				BAE532AF2913F03E00C8DEA6 /* Color.xcassets */,
				BAE532B22913F1A100C8DEA6 /* Color+Extension.swift */,
				BAE532B52917F63700C8DEA6 /* PaddingManager.swift */,
				BAE532B72917F95900C8DEA6 /* ShapeManager.swift */,
			);
			path = Resource;
			sourceTree = "<group>";
		};
		BAE532B42917F4E500C8DEA6 /* View */ = {
			isa = PBXGroup;
			children = (
				BAE532732913ECD600C8DEA6 /* ItemView.swift */,
			);
			path = View;
			sourceTree = "<group>";
		};
		BAE532B92917FB2400C8DEA6 /* Component */ = {
			isa = PBXGroup;
			children = (
				BAE532BF291D2B6600C8DEA6 /* Button */,
				BAE532BA2917FB2F00C8DEA6 /* Rating.swift */,
				BA8797F22923CF5F0031A400 /* WheelView.swift */,
				BAD05842292A8E4A00E9CA93 /* SlideOutCart.swift */,
				BAD05846292AE14500E9CA93 /* Tappable.swift */,
				BAD05848292D035600E9CA93 /* ScrollGradient.swift */,
			);
			path = Component;
			sourceTree = "<group>";
		};
		BAE532BF291D2B6600C8DEA6 /* Button */ = {
			isa = PBXGroup;
			children = (
				BAE532C0291D2B7500C8DEA6 /* RoundArrowButton.swift */,
				BAE532C2291D2C0100C8DEA6 /* AddToCartButton.swift */,
				BAE532C4291D2C3000C8DEA6 /* QuantityButton.swift */,
				BAD05844292AD69200E9CA93 /* ImageCircleButton.swift */,
			);
			path = Button;
			sourceTree = "<group>";
		};
		BAE532C9291D34DF00C8DEA6 /* Util */ = {
			isa = PBXGroup;
			children = (
				BAE532CA291D34E800C8DEA6 /* PreviewMe.swift */,
				BAE532CC291D350B00C8DEA6 /* DeviceName.swift */,
			);
			path = Util;
			sourceTree = "<group>";
		};
		BAE532CE291D36ED00C8DEA6 /* ViewModel */ = {
			isa = PBXGroup;
			children = (
				BAE532CF291D370900C8DEA6 /* ItemViewModel.swift */,
			);
			path = ViewModel;
			sourceTree = "<group>";
		};
/* End PBXGroup section */

/* Begin PBXNativeTarget section */
		BAE532782913ECD900C8DEA6 /* SaladFoodOrderingApp (iOS) */ = {
			isa = PBXNativeTarget;
			buildConfigurationList = BAE532A22913ECD900C8DEA6 /* Build configuration list for PBXNativeTarget "SaladFoodOrderingApp (iOS)" */;
			buildPhases = (
				BAE532752913ECD900C8DEA6 /* Sources */,
				BAE532762913ECD900C8DEA6 /* Frameworks */,
				BAE532772913ECD900C8DEA6 /* Resources */,
			);
			buildRules = (
			);
			dependencies = (
			);
			name = "SaladFoodOrderingApp (iOS)";
			productName = "SaladFoodOrderingApp (iOS)";
			productReference = BAE532792913ECD900C8DEA6 /* SaladFoodOrderingApp.app */;
			productType = "com.apple.product-type.application";
		};
		BAE5327E2913ECD900C8DEA6 /* SaladFoodOrderingApp (macOS) */ = {
			isa = PBXNativeTarget;
			buildConfigurationList = BAE532A52913ECD900C8DEA6 /* Build configuration list for PBXNativeTarget "SaladFoodOrderingApp (macOS)" */;
			buildPhases = (
				BAE5327B2913ECD900C8DEA6 /* Sources */,
				BAE5327C2913ECD900C8DEA6 /* Frameworks */,
				BAE5327D2913ECD900C8DEA6 /* Resources */,
			);
			buildRules = (
			);
			dependencies = (
			);
			name = "SaladFoodOrderingApp (macOS)";
			productName = "SaladFoodOrderingApp (macOS)";
			productReference = BAE5327F2913ECD900C8DEA6 /* SaladFoodOrderingApp.app */;
			productType = "com.apple.product-type.application";
		};
		BAE532852913ECD900C8DEA6 /* Tests iOS */ = {
			isa = PBXNativeTarget;
			buildConfigurationList = BAE532A82913ECD900C8DEA6 /* Build configuration list for PBXNativeTarget "Tests iOS" */;
			buildPhases = (
				BAE532822913ECD900C8DEA6 /* Sources */,
				BAE532832913ECD900C8DEA6 /* Frameworks */,
				BAE532842913ECD900C8DEA6 /* Resources */,
			);
			buildRules = (
			);
			dependencies = (
				BAE532882913ECD900C8DEA6 /* PBXTargetDependency */,
			);
			name = "Tests iOS";
			productName = "Tests iOS";
			productReference = BAE532862913ECD900C8DEA6 /* Tests iOS.xctest */;
			productType = "com.apple.product-type.bundle.ui-testing";
		};
		BAE532912913ECD900C8DEA6 /* Tests macOS */ = {
			isa = PBXNativeTarget;
			buildConfigurationList = BAE532AB2913ECD900C8DEA6 /* Build configuration list for PBXNativeTarget "Tests macOS" */;
			buildPhases = (
				BAE5328E2913ECD900C8DEA6 /* Sources */,
				BAE5328F2913ECD900C8DEA6 /* Frameworks */,
				BAE532902913ECD900C8DEA6 /* Resources */,
			);
			buildRules = (
			);
			dependencies = (
				BAE532942913ECD900C8DEA6 /* PBXTargetDependency */,
			);
			name = "Tests macOS";
			productName = "Tests macOS";
			productReference = BAE532922913ECD900C8DEA6 /* Tests macOS.xctest */;
			productType = "com.apple.product-type.bundle.ui-testing";
		};
/* End PBXNativeTarget section */

/* Begin PBXProject section */
		BAE5326D2913ECD500C8DEA6 /* Project object */ = {
			isa = PBXProject;
			attributes = {
				BuildIndependentTargetsInParallel = 1;
				LastSwiftUpdateCheck = 1340;
				LastUpgradeCheck = 1340;
				TargetAttributes = {
					BAE532782913ECD900C8DEA6 = {
						CreatedOnToolsVersion = 13.4;
					};
					BAE5327E2913ECD900C8DEA6 = {
						CreatedOnToolsVersion = 13.4;
					};
					BAE532852913ECD900C8DEA6 = {
						CreatedOnToolsVersion = 13.4;
						TestTargetID = BAE532782913ECD900C8DEA6;
					};
					BAE532912913ECD900C8DEA6 = {
						CreatedOnToolsVersion = 13.4;
						TestTargetID = BAE5327E2913ECD900C8DEA6;
					};
				};
			};
			buildConfigurationList = BAE532702913ECD500C8DEA6 /* Build configuration list for PBXProject "SaladFoodOrderingApp" */;
			compatibilityVersion = "Xcode 13.0";
			developmentRegion = en;
			hasScannedForEncodings = 0;
			knownRegions = (
				en,
				Base,
			);
			mainGroup = BAE5326C2913ECD500C8DEA6;
			productRefGroup = BAE5327A2913ECD900C8DEA6 /* Products */;
			projectDirPath = "";
			projectRoot = "";
			targets = (
				BAE532782913ECD900C8DEA6 /* SaladFoodOrderingApp (iOS) */,
				BAE5327E2913ECD900C8DEA6 /* SaladFoodOrderingApp (macOS) */,
				BAE532852913ECD900C8DEA6 /* Tests iOS */,
				BAE532912913ECD900C8DEA6 /* Tests macOS */,
			);
		};
/* End PBXProject section */

/* Begin PBXResourcesBuildPhase section */
		BAE532772913ECD900C8DEA6 /* Resources */ = {
			isa = PBXResourcesBuildPhase;
			buildActionMask = 2147483647;
			files = (
				BAE5329E2913ECD900C8DEA6 /* Assets.xcassets in Resources */,
				BAE532B02913F03E00C8DEA6 /* Color.xcassets in Resources */,
			);
			runOnlyForDeploymentPostprocessing = 0;
		};
		BAE5327D2913ECD900C8DEA6 /* Resources */ = {
			isa = PBXResourcesBuildPhase;
			buildActionMask = 2147483647;
			files = (
				BAE5329F2913ECD900C8DEA6 /* Assets.xcassets in Resources */,
				BAE532B12913F03E00C8DEA6 /* Color.xcassets in Resources */,
			);
			runOnlyForDeploymentPostprocessing = 0;
		};
		BAE532842913ECD900C8DEA6 /* Resources */ = {
			isa = PBXResourcesBuildPhase;
			buildActionMask = 2147483647;
			files = (
			);
			runOnlyForDeploymentPostprocessing = 0;
		};
		BAE532902913ECD900C8DEA6 /* Resources */ = {
			isa = PBXResourcesBuildPhase;
			buildActionMask = 2147483647;
			files = (
			);
			runOnlyForDeploymentPostprocessing = 0;
		};
/* End PBXResourcesBuildPhase section */

/* Begin PBXSourcesBuildPhase section */
		BAE532752913ECD900C8DEA6 /* Sources */ = {
			isa = PBXSourcesBuildPhase;
			buildActionMask = 2147483647;
			files = (
				BAE532CD291D350B00C8DEA6 /* DeviceName.swift in Sources */,
				BAE532BB2917FB2F00C8DEA6 /* Rating.swift in Sources */,
				BAE532C5291D2C3000C8DEA6 /* QuantityButton.swift in Sources */,
				BAE532CB291D34E800C8DEA6 /* PreviewMe.swift in Sources */,
				BAD05849292D035600E9CA93 /* ScrollGradient.swift in Sources */,
				BAD05847292AE14500E9CA93 /* Tappable.swift in Sources */,
				BAD05843292A8E4A00E9CA93 /* SlideOutCart.swift in Sources */,
				BAD05845292AD69200E9CA93 /* ImageCircleButton.swift in Sources */,
				BAD0583F292A747D00E9CA93 /* Double+Extension.swift in Sources */,
				BAE532B82917F95900C8DEA6 /* ShapeManager.swift in Sources */,
				BAE532D0291D370900C8DEA6 /* ItemViewModel.swift in Sources */,
				BAE532C3291D2C0100C8DEA6 /* AddToCartButton.swift in Sources */,
				BAE532B32913F1A100C8DEA6 /* Color+Extension.swift in Sources */,
				BAE532B62917F63700C8DEA6 /* PaddingManager.swift in Sources */,
				BAE5329C2913ECD900C8DEA6 /* ItemView.swift in Sources */,
				BAD0583D292A73C100E9CA93 /* Item.swift in Sources */,
				BA8797F32923CF5F0031A400 /* WheelView.swift in Sources */,
				BAD0583A292A6D6400E9CA93 /* Array+Extension.swift in Sources */,
				BAE532C1291D2B7500C8DEA6 /* RoundArrowButton.swift in Sources */,
				BAE5329A2913ECD900C8DEA6 /* SaladFoodOrderingAppApp.swift in Sources */,
			);
			runOnlyForDeploymentPostprocessing = 0;
		};
		BAE5327B2913ECD900C8DEA6 /* Sources */ = {
			isa = PBXSourcesBuildPhase;
			buildActionMask = 2147483647;
			files = (
				BAE5329D2913ECD900C8DEA6 /* ItemView.swift in Sources */,
				BAE5329B2913ECD900C8DEA6 /* SaladFoodOrderingAppApp.swift in Sources */,
			);
			runOnlyForDeploymentPostprocessing = 0;
		};
		BAE532822913ECD900C8DEA6 /* Sources */ = {
			isa = PBXSourcesBuildPhase;
			buildActionMask = 2147483647;
			files = (
				BAE5328D2913ECD900C8DEA6 /* Tests_iOSLaunchTests.swift in Sources */,
				BAE5328B2913ECD900C8DEA6 /* Tests_iOS.swift in Sources */,
			);
			runOnlyForDeploymentPostprocessing = 0;
		};
		BAE5328E2913ECD900C8DEA6 /* Sources */ = {
			isa = PBXSourcesBuildPhase;
			buildActionMask = 2147483647;
			files = (
			);
			runOnlyForDeploymentPostprocessing = 0;
		};
/* End PBXSourcesBuildPhase section */

/* Begin PBXTargetDependency section */
		BAE532882913ECD900C8DEA6 /* PBXTargetDependency */ = {
			isa = PBXTargetDependency;
			target = BAE532782913ECD900C8DEA6 /* SaladFoodOrderingApp (iOS) */;
			targetProxy = BAE532872913ECD900C8DEA6 /* PBXContainerItemProxy */;
		};
		BAE532942913ECD900C8DEA6 /* PBXTargetDependency */ = {
			isa = PBXTargetDependency;
			target = BAE5327E2913ECD900C8DEA6 /* SaladFoodOrderingApp (macOS) */;
			targetProxy = BAE532932913ECD900C8DEA6 /* PBXContainerItemProxy */;
		};
/* End PBXTargetDependency section */

/* Begin XCBuildConfiguration section */
		BAE532A02913ECD900C8DEA6 /* Debug */ = {
			isa = XCBuildConfiguration;
			buildSettings = {
				ALWAYS_SEARCH_USER_PATHS = NO;
				CLANG_ANALYZER_NONNULL = YES;
				CLANG_ANALYZER_NUMBER_OBJECT_CONVERSION = YES_AGGRESSIVE;
				CLANG_CXX_LANGUAGE_STANDARD = "gnu++17";
				CLANG_ENABLE_MODULES = YES;
				CLANG_ENABLE_OBJC_ARC = YES;
				CLANG_ENABLE_OBJC_WEAK = YES;
				CLANG_WARN_BLOCK_CAPTURE_AUTORELEASING = YES;
				CLANG_WARN_BOOL_CONVERSION = YES;
				CLANG_WARN_COMMA = YES;
				CLANG_WARN_CONSTANT_CONVERSION = YES;
				CLANG_WARN_DEPRECATED_OBJC_IMPLEMENTATIONS = YES;
				CLANG_WARN_DIRECT_OBJC_ISA_USAGE = YES_ERROR;
				CLANG_WARN_DOCUMENTATION_COMMENTS = YES;
				CLANG_WARN_EMPTY_BODY = YES;
				CLANG_WARN_ENUM_CONVERSION = YES;
				CLANG_WARN_INFINITE_RECURSION = YES;
				CLANG_WARN_INT_CONVERSION = YES;
				CLANG_WARN_NON_LITERAL_NULL_CONVERSION = YES;
				CLANG_WARN_OBJC_IMPLICIT_RETAIN_SELF = YES;
				CLANG_WARN_OBJC_LITERAL_CONVERSION = YES;
				CLANG_WARN_OBJC_ROOT_CLASS = YES_ERROR;
				CLANG_WARN_QUOTED_INCLUDE_IN_FRAMEWORK_HEADER = YES;
				CLANG_WARN_RANGE_LOOP_ANALYSIS = YES;
				CLANG_WARN_STRICT_PROTOTYPES = YES;
				CLANG_WARN_SUSPICIOUS_MOVE = YES;
				CLANG_WARN_UNGUARDED_AVAILABILITY = YES_AGGRESSIVE;
				CLANG_WARN_UNREACHABLE_CODE = YES;
				CLANG_WARN__DUPLICATE_METHOD_MATCH = YES;
				COPY_PHASE_STRIP = NO;
				DEBUG_INFORMATION_FORMAT = dwarf;
				ENABLE_STRICT_OBJC_MSGSEND = YES;
				ENABLE_TESTABILITY = YES;
				GCC_C_LANGUAGE_STANDARD = gnu11;
				GCC_DYNAMIC_NO_PIC = NO;
				GCC_NO_COMMON_BLOCKS = YES;
				GCC_OPTIMIZATION_LEVEL = 0;
				GCC_PREPROCESSOR_DEFINITIONS = (
					"DEBUG=1",
					"$(inherited)",
				);
				GCC_WARN_64_TO_32_BIT_CONVERSION = YES;
				GCC_WARN_ABOUT_RETURN_TYPE = YES_ERROR;
				GCC_WARN_UNDECLARED_SELECTOR = YES;
				GCC_WARN_UNINITIALIZED_AUTOS = YES_AGGRESSIVE;
				GCC_WARN_UNUSED_FUNCTION = YES;
				GCC_WARN_UNUSED_VARIABLE = YES;
				MTL_ENABLE_DEBUG_INFO = INCLUDE_SOURCE;
				MTL_FAST_MATH = YES;
				ONLY_ACTIVE_ARCH = YES;
				SWIFT_ACTIVE_COMPILATION_CONDITIONS = DEBUG;
				SWIFT_OPTIMIZATION_LEVEL = "-Onone";
			};
			name = Debug;
		};
		BAE532A12913ECD900C8DEA6 /* Release */ = {
			isa = XCBuildConfiguration;
			buildSettings = {
				ALWAYS_SEARCH_USER_PATHS = NO;
				CLANG_ANALYZER_NONNULL = YES;
				CLANG_ANALYZER_NUMBER_OBJECT_CONVERSION = YES_AGGRESSIVE;
				CLANG_CXX_LANGUAGE_STANDARD = "gnu++17";
				CLANG_ENABLE_MODULES = YES;
				CLANG_ENABLE_OBJC_ARC = YES;
				CLANG_ENABLE_OBJC_WEAK = YES;
				CLANG_WARN_BLOCK_CAPTURE_AUTORELEASING = YES;
				CLANG_WARN_BOOL_CONVERSION = YES;
				CLANG_WARN_COMMA = YES;
				CLANG_WARN_CONSTANT_CONVERSION = YES;
				CLANG_WARN_DEPRECATED_OBJC_IMPLEMENTATIONS = YES;
				CLANG_WARN_DIRECT_OBJC_ISA_USAGE = YES_ERROR;
				CLANG_WARN_DOCUMENTATION_COMMENTS = YES;
				CLANG_WARN_EMPTY_BODY = YES;
				CLANG_WARN_ENUM_CONVERSION = YES;
				CLANG_WARN_INFINITE_RECURSION = YES;
				CLANG_WARN_INT_CONVERSION = YES;
				CLANG_WARN_NON_LITERAL_NULL_CONVERSION = YES;
				CLANG_WARN_OBJC_IMPLICIT_RETAIN_SELF = YES;
				CLANG_WARN_OBJC_LITERAL_CONVERSION = YES;
				CLANG_WARN_OBJC_ROOT_CLASS = YES_ERROR;
				CLANG_WARN_QUOTED_INCLUDE_IN_FRAMEWORK_HEADER = YES;
				CLANG_WARN_RANGE_LOOP_ANALYSIS = YES;
				CLANG_WARN_STRICT_PROTOTYPES = YES;
				CLANG_WARN_SUSPICIOUS_MOVE = YES;
				CLANG_WARN_UNGUARDED_AVAILABILITY = YES_AGGRESSIVE;
				CLANG_WARN_UNREACHABLE_CODE = YES;
				CLANG_WARN__DUPLICATE_METHOD_MATCH = YES;
				COPY_PHASE_STRIP = NO;
				DEBUG_INFORMATION_FORMAT = "dwarf-with-dsym";
				ENABLE_NS_ASSERTIONS = NO;
				ENABLE_STRICT_OBJC_MSGSEND = YES;
				GCC_C_LANGUAGE_STANDARD = gnu11;
				GCC_NO_COMMON_BLOCKS = YES;
				GCC_WARN_64_TO_32_BIT_CONVERSION = YES;
				GCC_WARN_ABOUT_RETURN_TYPE = YES_ERROR;
				GCC_WARN_UNDECLARED_SELECTOR = YES;
				GCC_WARN_UNINITIALIZED_AUTOS = YES_AGGRESSIVE;
				GCC_WARN_UNUSED_FUNCTION = YES;
				GCC_WARN_UNUSED_VARIABLE = YES;
				MTL_ENABLE_DEBUG_INFO = NO;
				MTL_FAST_MATH = YES;
				SWIFT_COMPILATION_MODE = wholemodule;
				SWIFT_OPTIMIZATION_LEVEL = "-O";
			};
			name = Release;
		};
		BAE532A32913ECD900C8DEA6 /* Debug */ = {
			isa = XCBuildConfiguration;
			buildSettings = {
				ASSETCATALOG_COMPILER_APPICON_NAME = AppIcon;
				ASSETCATALOG_COMPILER_GLOBAL_ACCENT_COLOR_NAME = AccentColor;
				CODE_SIGN_STYLE = Automatic;
				CURRENT_PROJECT_VERSION = 1;
				DEVELOPMENT_TEAM = X2677N2DV7;
				ENABLE_PREVIEWS = YES;
				GENERATE_INFOPLIST_FILE = YES;
				INFOPLIST_KEY_UIApplicationSceneManifest_Generation = YES;
				INFOPLIST_KEY_UIApplicationSupportsIndirectInputEvents = YES;
				INFOPLIST_KEY_UILaunchScreen_Generation = YES;
				INFOPLIST_KEY_UISupportedInterfaceOrientations_iPad = "UIInterfaceOrientationPortrait UIInterfaceOrientationPortraitUpsideDown UIInterfaceOrientationLandscapeLeft UIInterfaceOrientationLandscapeRight";
				INFOPLIST_KEY_UISupportedInterfaceOrientations_iPhone = "UIInterfaceOrientationPortrait UIInterfaceOrientationLandscapeLeft UIInterfaceOrientationLandscapeRight";
				IPHONEOS_DEPLOYMENT_TARGET = 15.5;
				LD_RUNPATH_SEARCH_PATHS = (
					"$(inherited)",
					"@executable_path/Frameworks",
				);
				MARKETING_VERSION = 1.0;
				PRODUCT_BUNDLE_IDENTIFIER = com.poly.SaladFoodOrderingApp;
				PRODUCT_NAME = SaladFoodOrderingApp;
				SDKROOT = iphoneos;
				SWIFT_EMIT_LOC_STRINGS = YES;
				SWIFT_VERSION = 5.0;
				TARGETED_DEVICE_FAMILY = "1,2";
			};
			name = Debug;
		};
		BAE532A42913ECD900C8DEA6 /* Release */ = {
			isa = XCBuildConfiguration;
			buildSettings = {
				ASSETCATALOG_COMPILER_APPICON_NAME = AppIcon;
				ASSETCATALOG_COMPILER_GLOBAL_ACCENT_COLOR_NAME = AccentColor;
				CODE_SIGN_STYLE = Automatic;
				CURRENT_PROJECT_VERSION = 1;
				DEVELOPMENT_TEAM = X2677N2DV7;
				ENABLE_PREVIEWS = YES;
				GENERATE_INFOPLIST_FILE = YES;
				INFOPLIST_KEY_UIApplicationSceneManifest_Generation = YES;
				INFOPLIST_KEY_UIApplicationSupportsIndirectInputEvents = YES;
				INFOPLIST_KEY_UILaunchScreen_Generation = YES;
				INFOPLIST_KEY_UISupportedInterfaceOrientations_iPad = "UIInterfaceOrientationPortrait UIInterfaceOrientationPortraitUpsideDown UIInterfaceOrientationLandscapeLeft UIInterfaceOrientationLandscapeRight";
				INFOPLIST_KEY_UISupportedInterfaceOrientations_iPhone = "UIInterfaceOrientationPortrait UIInterfaceOrientationLandscapeLeft UIInterfaceOrientationLandscapeRight";
				IPHONEOS_DEPLOYMENT_TARGET = 15.5;
				LD_RUNPATH_SEARCH_PATHS = (
					"$(inherited)",
					"@executable_path/Frameworks",
				);
				MARKETING_VERSION = 1.0;
				PRODUCT_BUNDLE_IDENTIFIER = com.poly.SaladFoodOrderingApp;
				PRODUCT_NAME = SaladFoodOrderingApp;
				SDKROOT = iphoneos;
				SWIFT_EMIT_LOC_STRINGS = YES;
				SWIFT_VERSION = 5.0;
				TARGETED_DEVICE_FAMILY = "1,2";
				VALIDATE_PRODUCT = YES;
			};
			name = Release;
		};
		BAE532A62913ECD900C8DEA6 /* Debug */ = {
			isa = XCBuildConfiguration;
			buildSettings = {
				ASSETCATALOG_COMPILER_APPICON_NAME = AppIcon;
				ASSETCATALOG_COMPILER_GLOBAL_ACCENT_COLOR_NAME = AccentColor;
				CODE_SIGN_ENTITLEMENTS = macOS/macOS.entitlements;
				CODE_SIGN_STYLE = Automatic;
				COMBINE_HIDPI_IMAGES = YES;
				CURRENT_PROJECT_VERSION = 1;
				DEVELOPMENT_TEAM = X2677N2DV7;
				ENABLE_HARDENED_RUNTIME = YES;
				ENABLE_PREVIEWS = YES;
				GENERATE_INFOPLIST_FILE = YES;
				INFOPLIST_KEY_NSHumanReadableCopyright = "";
				LD_RUNPATH_SEARCH_PATHS = (
					"$(inherited)",
					"@executable_path/../Frameworks",
				);
				MACOSX_DEPLOYMENT_TARGET = 12.3;
				MARKETING_VERSION = 1.0;
				PRODUCT_BUNDLE_IDENTIFIER = com.poly.SaladFoodOrderingApp;
				PRODUCT_NAME = SaladFoodOrderingApp;
				SDKROOT = macosx;
				SWIFT_EMIT_LOC_STRINGS = YES;
				SWIFT_VERSION = 5.0;
			};
			name = Debug;
		};
		BAE532A72913ECD900C8DEA6 /* Release */ = {
			isa = XCBuildConfiguration;
			buildSettings = {
				ASSETCATALOG_COMPILER_APPICON_NAME = AppIcon;
				ASSETCATALOG_COMPILER_GLOBAL_ACCENT_COLOR_NAME = AccentColor;
				CODE_SIGN_ENTITLEMENTS = macOS/macOS.entitlements;
				CODE_SIGN_STYLE = Automatic;
				COMBINE_HIDPI_IMAGES = YES;
				CURRENT_PROJECT_VERSION = 1;
				DEVELOPMENT_TEAM = X2677N2DV7;
				ENABLE_HARDENED_RUNTIME = YES;
				ENABLE_PREVIEWS = YES;
				GENERATE_INFOPLIST_FILE = YES;
				INFOPLIST_KEY_NSHumanReadableCopyright = "";
				LD_RUNPATH_SEARCH_PATHS = (
					"$(inherited)",
					"@executable_path/../Frameworks",
				);
				MACOSX_DEPLOYMENT_TARGET = 12.3;
				MARKETING_VERSION = 1.0;
				PRODUCT_BUNDLE_IDENTIFIER = com.poly.SaladFoodOrderingApp;
				PRODUCT_NAME = SaladFoodOrderingApp;
				SDKROOT = macosx;
				SWIFT_EMIT_LOC_STRINGS = YES;
				SWIFT_VERSION = 5.0;
			};
			name = Release;
		};
		BAE532A92913ECD900C8DEA6 /* Debug */ = {
			isa = XCBuildConfiguration;
			buildSettings = {
				ALWAYS_EMBED_SWIFT_STANDARD_LIBRARIES = YES;
				CODE_SIGN_STYLE = Automatic;
				CURRENT_PROJECT_VERSION = 1;
				DEVELOPMENT_TEAM = X2677N2DV7;
				GENERATE_INFOPLIST_FILE = YES;
				IPHONEOS_DEPLOYMENT_TARGET = 15.5;
				MARKETING_VERSION = 1.0;
				PRODUCT_BUNDLE_IDENTIFIER = "com.poly.Tests-iOS";
				PRODUCT_NAME = "$(TARGET_NAME)";
				SDKROOT = iphoneos;
				SWIFT_EMIT_LOC_STRINGS = NO;
				SWIFT_VERSION = 5.0;
				TARGETED_DEVICE_FAMILY = "1,2";
				TEST_TARGET_NAME = "SaladFoodOrderingApp (iOS)";
			};
			name = Debug;
		};
		BAE532AA2913ECD900C8DEA6 /* Release */ = {
			isa = XCBuildConfiguration;
			buildSettings = {
				ALWAYS_EMBED_SWIFT_STANDARD_LIBRARIES = YES;
				CODE_SIGN_STYLE = Automatic;
				CURRENT_PROJECT_VERSION = 1;
				DEVELOPMENT_TEAM = X2677N2DV7;
				GENERATE_INFOPLIST_FILE = YES;
				IPHONEOS_DEPLOYMENT_TARGET = 15.5;
				MARKETING_VERSION = 1.0;
				PRODUCT_BUNDLE_IDENTIFIER = "com.poly.Tests-iOS";
				PRODUCT_NAME = "$(TARGET_NAME)";
				SDKROOT = iphoneos;
				SWIFT_EMIT_LOC_STRINGS = NO;
				SWIFT_VERSION = 5.0;
				TARGETED_DEVICE_FAMILY = "1,2";
				TEST_TARGET_NAME = "SaladFoodOrderingApp (iOS)";
				VALIDATE_PRODUCT = YES;
			};
			name = Release;
		};
		BAE532AC2913ECD900C8DEA6 /* Debug */ = {
			isa = XCBuildConfiguration;
			buildSettings = {
				ALWAYS_EMBED_SWIFT_STANDARD_LIBRARIES = YES;
				CODE_SIGN_STYLE = Automatic;
				CURRENT_PROJECT_VERSION = 1;
				DEVELOPMENT_TEAM = X2677N2DV7;
				GENERATE_INFOPLIST_FILE = YES;
				MACOSX_DEPLOYMENT_TARGET = 12.3;
				MARKETING_VERSION = 1.0;
				PRODUCT_BUNDLE_IDENTIFIER = "com.poly.Tests-macOS";
				PRODUCT_NAME = "$(TARGET_NAME)";
				SDKROOT = macosx;
				SWIFT_EMIT_LOC_STRINGS = NO;
				SWIFT_VERSION = 5.0;
				TEST_TARGET_NAME = "SaladFoodOrderingApp (macOS)";
			};
			name = Debug;
		};
		BAE532AD2913ECD900C8DEA6 /* Release */ = {
			isa = XCBuildConfiguration;
			buildSettings = {
				ALWAYS_EMBED_SWIFT_STANDARD_LIBRARIES = YES;
				CODE_SIGN_STYLE = Automatic;
				CURRENT_PROJECT_VERSION = 1;
				DEVELOPMENT_TEAM = X2677N2DV7;
				GENERATE_INFOPLIST_FILE = YES;
				MACOSX_DEPLOYMENT_TARGET = 12.3;
				MARKETING_VERSION = 1.0;
				PRODUCT_BUNDLE_IDENTIFIER = "com.poly.Tests-macOS";
				PRODUCT_NAME = "$(TARGET_NAME)";
				SDKROOT = macosx;
				SWIFT_EMIT_LOC_STRINGS = NO;
				SWIFT_VERSION = 5.0;
				TEST_TARGET_NAME = "SaladFoodOrderingApp (macOS)";
			};
			name = Release;
		};
/* End XCBuildConfiguration section */

/* Begin XCConfigurationList section */
		BAE532702913ECD500C8DEA6 /* Build configuration list for PBXProject "SaladFoodOrderingApp" */ = {
			isa = XCConfigurationList;
			buildConfigurations = (
				BAE532A02913ECD900C8DEA6 /* Debug */,
				BAE532A12913ECD900C8DEA6 /* Release */,
			);
			defaultConfigurationIsVisible = 0;
			defaultConfigurationName = Release;
		};
		BAE532A22913ECD900C8DEA6 /* Build configuration list for PBXNativeTarget "SaladFoodOrderingApp (iOS)" */ = {
			isa = XCConfigurationList;
			buildConfigurations = (
				BAE532A32913ECD900C8DEA6 /* Debug */,
				BAE532A42913ECD900C8DEA6 /* Release */,
			);
			defaultConfigurationIsVisible = 0;
			defaultConfigurationName = Release;
		};
		BAE532A52913ECD900C8DEA6 /* Build configuration list for PBXNativeTarget "SaladFoodOrderingApp (macOS)" */ = {
			isa = XCConfigurationList;
			buildConfigurations = (
				BAE532A62913ECD900C8DEA6 /* Debug */,
				BAE532A72913ECD900C8DEA6 /* Release */,
			);
			defaultConfigurationIsVisible = 0;
			defaultConfigurationName = Release;
		};
		BAE532A82913ECD900C8DEA6 /* Build configuration list for PBXNativeTarget "Tests iOS" */ = {
			isa = XCConfigurationList;
			buildConfigurations = (
				BAE532A92913ECD900C8DEA6 /* Debug */,
				BAE532AA2913ECD900C8DEA6 /* Release */,
			);
			defaultConfigurationIsVisible = 0;
			defaultConfigurationName = Release;
		};
		BAE532AB2913ECD900C8DEA6 /* Build configuration list for PBXNativeTarget "Tests macOS" */ = {
			isa = XCConfigurationList;
			buildConfigurations = (
				BAE532AC2913ECD900C8DEA6 /* Debug */,
				BAE532AD2913ECD900C8DEA6 /* Release */,
			);
			defaultConfigurationIsVisible = 0;
			defaultConfigurationName = Release;
		};
/* End XCConfigurationList section */
	};
	rootObject = BAE5326D2913ECD500C8DEA6 /* Project object */;
}
